
Microsoft Visual Studio Solution File, Format Version 12.00
# Visual Studio 15
VisualStudioVersion = 15.0.27703.2000
MinimumVisualStudioVersion = 10.0.40219.1
Project("{FAE04EC0-301F-11D3-BF4B-00C04F79EFBC}") = "YoutubeAPIApp.Android", "YoutubeAPIApp\YoutubeAPIApp.Android\YoutubeAPIApp.Android.csproj", "{11C64FA9-DB6D-44BE-B5C8-7ECA6CC85717}"
EndProject
Project("{FAE04EC0-301F-11D3-BF4B-00C04F79EFBC}") = "YoutubeAPIApp.iOS", "YoutubeAPIApp\YoutubeAPIApp.iOS\YoutubeAPIApp.iOS.csproj", "{B583ED2F-9A22-4E39-8F84-5C19387F0712}"
EndProject
Project("{FAE04EC0-301F-11D3-BF4B-00C04F79EFBC}") = "YoutubeAPIApp", "YoutubeAPIApp\YoutubeAPIApp\YoutubeAPIApp.csproj", "{9EB83842-0BC2-46F1-9814-5779C5BA0476}"
EndProject
Global
	GlobalSection(SolutionConfigurationPlatforms) = preSolution
		Ad-Hoc|Any CPU = Ad-Hoc|Any CPU
		Ad-Hoc|iPhone = Ad-Hoc|iPhone
		Ad-Hoc|iPhoneSimulator = Ad-Hoc|iPhoneSimulator
		AppStore|Any CPU = AppStore|Any CPU
		AppStore|iPhone = AppStore|iPhone
		AppStore|iPhoneSimulator = AppStore|iPhoneSimulator
		Debug|Any CPU = Debug|Any CPU
		Debug|iPhone = Debug|iPhone
		Debug|iPhoneSimulator = Debug|iPhoneSimulator
		Release|Any CPU = Release|Any CPU
		Release|iPhone = Release|iPhone
		Release|iPhoneSimulator = Release|iPhoneSimulator
	EndGlobalSection
	GlobalSection(ProjectConfigurationPlatforms) = postSolution
		{11C64FA9-DB6D-44BE-B5C8-7ECA6CC85717}.Ad-Hoc|Any CPU.ActiveCfg = Release|Any CPU
		{11C64FA9-DB6D-44BE-B5C8-7ECA6CC85717}.Ad-Hoc|Any CPU.Build.0 = Release|Any CPU
		{11C64FA9-DB6D-44BE-B5C8-7ECA6CC85717}.Ad-Hoc|Any CPU.Deploy.0 = Release|Any CPU
		{11C64FA9-DB6D-44BE-B5C8-7ECA6CC85717}.Ad-Hoc|iPhone.ActiveCfg = Release|Any CPU
		{11C64FA9-DB6D-44BE-B5C8-7ECA6CC85717}.Ad-Hoc|iPhone.Build.0 = Release|Any CPU
		{11C64FA9-DB6D-44BE-B5C8-7ECA6CC85717}.Ad-Hoc|iPhone.Deploy.0 = Release|Any CPU
		{11C64FA9-DB6D-44BE-B5C8-7ECA6CC85717}.Ad-Hoc|iPhoneSimulator.ActiveCfg = Release|Any CPU
		{11C64FA9-DB6D-44BE-B5C8-7ECA6CC85717}.Ad-Hoc|iPhoneSimulator.Build.0 = Release|Any CPU
		{11C64FA9-DB6D-44BE-B5C8-7ECA6CC85717}.Ad-Hoc|iPhoneSimulator.Deploy.0 = Release|Any CPU
		{11C64FA9-DB6D-44BE-B5C8-7ECA6CC85717}.AppStore|Any CPU.ActiveCfg = Release|Any CPU
		{11C64FA9-DB6D-44BE-B5C8-7ECA6CC85717}.AppStore|Any CPU.Build.0 = Release|Any CPU
		{11C64FA9-DB6D-44BE-B5C8-7ECA6CC85717}.AppStore|Any CPU.Deploy.0 = Release|Any CPU
		{11C64FA9-DB6D-44BE-B5C8-7ECA6CC85717}.AppStore|iPhone.ActiveCfg = Release|Any CPU
		{11C64FA9-DB6D-44BE-B5C8-7ECA6CC85717}.AppStore|iPhone.Build.0 = Release|Any CPU
		{11C64FA9-DB6D-44BE-B5C8-7ECA6CC85717}.AppStore|iPhone.Deploy.0 = Release|Any CPU
		{11C64FA9-DB6D-44BE-B5C8-7ECA6CC85717}.AppStore|iPhoneSimulator.ActiveCfg = Release|Any CPU
		{11C64FA9-DB6D-44BE-B5C8-7ECA6CC85717}.AppStore|iPhoneSimulator.Build.0 = Release|Any CPU
		{11C64FA9-DB6D-44BE-B5C8-7ECA6CC85717}.AppStore|iPhoneSimulator.Deploy.0 = Release|Any CPU
		{11C64FA9-DB6D-44BE-B5C8-7ECA6CC85717}.Debug|Any CPU.ActiveCfg = Debug|Any CPU
		{11C64FA9-DB6D-44BE-B5C8-7ECA6CC85717}.Debug|Any CPU.Build.0 = Debug|Any CPU
		{11C64FA9-DB6D-44BE-B5C8-7ECA6CC85717}.Debug|Any CPU.Deploy.0 = Debug|Any CPU
		{11C64FA9-DB6D-44BE-B5C8-7ECA6CC85717}.Debug|iPhone.ActiveCfg = Debug|Any CPU
		{11C64FA9-DB6D-44BE-B5C8-7ECA6CC85717}.Debug|iPhone.Build.0 = Debug|Any CPU
		{11C64FA9-DB6D-44BE-B5C8-7ECA6CC85717}.Debug|iPhone.Deploy.0 = Debug|Any CPU
		{11C64FA9-DB6D-44BE-B5C8-7ECA6CC85717}.Debug|iPhoneSimulator.ActiveCfg = Debug|Any CPU
		{11C64FA9-DB6D-44BE-B5C8-7ECA6CC85717}.Debug|iPhoneSimulator.Build.0 = Debug|Any CPU
		{11C64FA9-DB6D-44BE-B5C8-7ECA6CC85717}.Debug|iPhoneSimulator.Deploy.0 = Debug|Any CPU
		{11C64FA9-DB6D-44BE-B5C8-7ECA6CC85717}.Release|Any CPU.ActiveCfg = Release|Any CPU
		{11C64FA9-DB6D-44BE-B5C8-7ECA6CC85717}.Release|Any CPU.Build.0 = Release|Any CPU
		{11C64FA9-DB6D-44BE-B5C8-7ECA6CC85717}.Release|Any CPU.Deploy.0 = Release|Any CPU
		{11C64FA9-DB6D-44BE-B5C8-7ECA6CC85717}.Release|iPhone.ActiveCfg = Release|Any CPU
		{11C64FA9-DB6D-44BE-B5C8-7ECA6CC85717}.Release|iPhone.Build.0 = Release|Any CPU
		{11C64FA9-DB6D-44BE-B5C8-7ECA6CC85717}.Release|iPhone.Deploy.0 = Release|Any CPU
		{11C64FA9-DB6D-44BE-B5C8-7ECA6CC85717}.Release|iPhoneSimulator.ActiveCfg = Release|Any CPU
		{11C64FA9-DB6D-44BE-B5C8-7ECA6CC85717}.Release|iPhoneSimulator.Build.0 = Release|Any CPU
		{11C64FA9-DB6D-44BE-B5C8-7ECA6CC85717}.Release|iPhoneSimulator.Deploy.0 = Release|Any CPU
		{B583ED2F-9A22-4E39-8F84-5C19387F0712}.Ad-Hoc|Any CPU.ActiveCfg = Ad-Hoc|iPhone
		{B583ED2F-9A22-4E39-8F84-5C19387F0712}.Ad-Hoc|Any CPU.Build.0 = Ad-Hoc|iPhone
		{B583ED2F-9A22-4E39-8F84-5C19387F0712}.Ad-Hoc|Any CPU.Deploy.0 = Ad-Hoc|iPhone
		{B583ED2F-9A22-4E39-8F84-5C19387F0712}.Ad-Hoc|iPhone.ActiveCfg = Ad-Hoc|iPhone
		{B583ED2F-9A22-4E39-8F84-5C19387F0712}.Ad-Hoc|iPhone.Build.0 = Ad-Hoc|iPhone
		{B583ED2F-9A22-4E39-8F84-5C19387F0712}.Ad-Hoc|iPhone.Deploy.0 = Ad-Hoc|iPhone
		{B583ED2F-9A22-4E39-8F84-5C19387F0712}.Ad-Hoc|iPhoneSimulator.ActiveCfg = Ad-Hoc|iPhoneSimulator
		{B583ED2F-9A22-4E39-8F84-5C19387F0712}.Ad-Hoc|iPhoneSimulator.Build.0 = Ad-Hoc|iPhoneSimulator
		{B583ED2F-9A22-4E39-8F84-5C19387F0712}.Ad-Hoc|iPhoneSimulator.Deploy.0 = Ad-Hoc|iPhoneSimulator
		{B583ED2F-9A22-4E39-8F84-5C19387F0712}.AppStore|Any CPU.ActiveCfg = AppStore|iPhone
		{B583ED2F-9A22-4E39-8F84-5C19387F0712}.AppStore|Any CPU.Build.0 = AppStore|iPhone
		{B583ED2F-9A22-4E39-8F84-5C19387F0712}.AppStore|Any CPU.Deploy.0 = AppStore|iPhone
		{B583ED2F-9A22-4E39-8F84-5C19387F0712}.AppStore|iPhone.ActiveCfg = AppStore|iPhone
		{B583ED2F-9A22-4E39-8F84-5C19387F0712}.AppStore|iPhone.Build.0 = AppStore|iPhone
		{B583ED2F-9A22-4E39-8F84-5C19387F0712}.AppStore|iPhone.Deploy.0 = AppStore|iPhone
		{B583ED2F-9A22-4E39-8F84-5C19387F0712}.AppStore|iPhoneSimulator.ActiveCfg = AppStore|iPhoneSimulator
		{B583ED2F-9A22-4E39-8F84-5C19387F0712}.AppStore|iPhoneSimulator.Build.0 = AppStore|iPhoneSimulator
		{B583ED2F-9A22-4E39-8F84-5C19387F0712}.AppStore|iPhoneSimulator.Deploy.0 = AppStore|iPhoneSimulator
		{B583ED2F-9A22-4E39-8F84-5C19387F0712}.Debug|Any CPU.ActiveCfg = Debug|iPhoneSimulator
		{B583ED2F-9A22-4E39-8F84-5C19387F0712}.Debug|Any CPU.Build.0 = Debug|iPhoneSimulator
		{B583ED2F-9A22-4E39-8F84-5C19387F0712}.Debug|Any CPU.Deploy.0 = Debug|iPhoneSimulator
		{B583ED2F-9A22-4E39-8F84-5C19387F0712}.Debug|iPhone.ActiveCfg = Debug|iPhone
		{B583ED2F-9A22-4E39-8F84-5C19387F0712}.Debug|iPhone.Build.0 = Debug|iPhone
		{B583ED2F-9A22-4E39-8F84-5C19387F0712}.Debug|iPhone.Deploy.0 = Debug|iPhone
		{B583ED2F-9A22-4E39-8F84-5C19387F0712}.Debug|iPhoneSimulator.ActiveCfg = Debug|iPhoneSimulator
		{B583ED2F-9A22-4E39-8F84-5C19387F0712}.Debug|iPhoneSimulator.Build.0 = Debug|iPhoneSimulator
		{B583ED2F-9A22-4E39-8F84-5C19387F0712}.Debug|iPhoneSimulator.Deploy.0 = Debug|iPhoneSimulator
		{B583ED2F-9A22-4E39-8F84-5C19387F0712}.Release|Any CPU.ActiveCfg = Release|iPhone
		{B583ED2F-9A22-4E39-8F84-5C19387F0712}.Release|Any CPU.Build.0 = Release|iPhone
		{B583ED2F-9A22-4E39-8F84-5C19387F0712}.Release|Any CPU.Deploy.0 = Release|iPhone
		{B583ED2F-9A22-4E39-8F84-5C19387F0712}.Release|iPhone.ActiveCfg = Release|iPhone
		{B583ED2F-9A22-4E39-8F84-5C19387F0712}.Release|iPhone.Build.0 = Release|iPhone
		{B583ED2F-9A22-4E39-8F84-5C19387F0712}.Release|iPhone.Deploy.0 = Release|iPhone
		{B583ED2F-9A22-4E39-8F84-5C19387F0712}.Release|iPhoneSimulator.ActiveCfg = Release|iPhoneSimulator
		{B583ED2F-9A22-4E39-8F84-5C19387F0712}.Release|iPhoneSimulator.Build.0 = Release|iPhoneSimulator
		{B583ED2F-9A22-4E39-8F84-5C19387F0712}.Release|iPhoneSimulator.Deploy.0 = Release|iPhoneSimulator
		{9EB83842-0BC2-46F1-9814-5779C5BA0476}.Ad-Hoc|Any CPU.ActiveCfg = Debug|Any CPU
		{9EB83842-0BC2-46F1-9814-5779C5BA0476}.Ad-Hoc|Any CPU.Build.0 = Debug|Any CPU
		{9EB83842-0BC2-46F1-9814-5779C5BA0476}.Ad-Hoc|Any CPU.Deploy.0 = Debug|Any CPU
		{9EB83842-0BC2-46F1-9814-5779C5BA0476}.Ad-Hoc|iPhone.ActiveCfg = Debug|Any CPU
		{9EB83842-0BC2-46F1-9814-5779C5BA0476}.Ad-Hoc|iPhone.Build.0 = Debug|Any CPU
		{9EB83842-0BC2-46F1-9814-5779C5BA0476}.Ad-Hoc|iPhone.Deploy.0 = Debug|Any CPU
		{9EB83842-0BC2-46F1-9814-5779C5BA0476}.Ad-Hoc|iPhoneSimulator.ActiveCfg = Debug|Any CPU
		{9EB83842-0BC2-46F1-9814-5779C5BA0476}.Ad-Hoc|iPhoneSimulator.Build.0 = Debug|Any CPU
		{9EB83842-0BC2-46F1-9814-5779C5BA0476}.Ad-Hoc|iPhoneSimulator.Deploy.0 = Debug|Any CPU
		{9EB83842-0BC2-46F1-9814-5779C5BA0476}.AppStore|Any CPU.ActiveCfg = Debug|Any CPU
		{9EB83842-0BC2-46F1-9814-5779C5BA0476}.AppStore|Any CPU.Build.0 = Debug|Any CPU
		{9EB83842-0BC2-46F1-9814-5779C5BA0476}.AppStore|Any CPU.Deploy.0 = Debug|Any CPU
		{9EB83842-0BC2-46F1-9814-5779C5BA0476}.AppStore|iPhone.ActiveCfg = Debug|Any CPU
		{9EB83842-0BC2-46F1-9814-5779C5BA0476}.AppStore|iPhone.Build.0 = Debug|Any CPU
		{9EB83842-0BC2-46F1-9814-5779C5BA0476}.AppStore|iPhone.Deploy.0 = Debug|Any CPU
		{9EB83842-0BC2-46F1-9814-5779C5BA0476}.AppStore|iPhoneSimulator.ActiveCfg = Debug|Any CPU
		{9EB83842-0BC2-46F1-9814-5779C5BA0476}.AppStore|iPhoneSimulator.Build.0 = Debug|Any CPU
		{9EB83842-0BC2-46F1-9814-5779C5BA0476}.AppStore|iPhoneSimulator.Deploy.0 = Debug|Any CPU
		{9EB83842-0BC2-46F1-9814-5779C5BA0476}.Debug|Any CPU.ActiveCfg = Debug|Any CPU
		{9EB83842-0BC2-46F1-9814-5779C5BA0476}.Debug|Any CPU.Build.0 = Debug|Any CPU
		{9EB83842-0BC2-46F1-9814-5779C5BA0476}.Debug|Any CPU.Deploy.0 = Debug|Any CPU
		{9EB83842-0BC2-46F1-9814-5779C5BA0476}.Debug|iPhone.ActiveCfg = Debug|Any CPU
		{9EB83842-0BC2-46F1-9814-5779C5BA0476}.Debug|iPhone.Build.0 = Debug|Any CPU
		{9EB83842-0BC2-46F1-9814-5779C5BA0476}.Debug|iPhone.Deploy.0 = Debug|Any CPU
		{9EB83842-0BC2-46F1-9814-5779C5BA0476}.Debug|iPhoneSimulator.ActiveCfg = Debug|Any CPU
		{9EB83842-0BC2-46F1-9814-5779C5BA0476}.Debug|iPhoneSimulator.Build.0 = Debug|Any CPU
		{9EB83842-0BC2-46F1-9814-5779C5BA0476}.Debug|iPhoneSimulator.Deploy.0 = Debug|Any CPU
		{9EB83842-0BC2-46F1-9814-5779C5BA0476}.Release|Any CPU.ActiveCfg = Release|Any CPU
		{9EB83842-0BC2-46F1-9814-5779C5BA0476}.Release|Any CPU.Build.0 = Release|Any CPU
		{9EB83842-0BC2-46F1-9814-5779C5BA0476}.Release|Any CPU.Deploy.0 = Release|Any CPU
		{9EB83842-0BC2-46F1-9814-5779C5BA0476}.Release|iPhone.ActiveCfg = Release|Any CPU
		{9EB83842-0BC2-46F1-9814-5779C5BA0476}.Release|iPhone.Build.0 = Release|Any CPU
		{9EB83842-0BC2-46F1-9814-5779C5BA0476}.Release|iPhone.Deploy.0 = Release|Any CPU
		{9EB83842-0BC2-46F1-9814-5779C5BA0476}.Release|iPhoneSimulator.ActiveCfg = Release|Any CPU
		{9EB83842-0BC2-46F1-9814-5779C5BA0476}.Release|iPhoneSimulator.Build.0 = Release|Any CPU
		{9EB83842-0BC2-46F1-9814-5779C5BA0476}.Release|iPhoneSimulator.Deploy.0 = Release|Any CPU
	EndGlobalSection
	GlobalSection(SolutionProperties) = preSolution
		HideSolutionNode = FALSE
	EndGlobalSection
	GlobalSection(ExtensibilityGlobals) = postSolution
		SolutionGuid = {563DCFC5-72AC-4624-B918-8313B8ACEB52}
	EndGlobalSection
EndGlobal
